<?xml version="1.0" encoding="utf-8"?>
<Project ToolsVersion="4.0" xmlns="http://schemas.microsoft.com/developer/msbuild/2003">
  <ItemGroup>
    <ClCompile Include="..\..\source\annex.c">
      <Filter>source</Filter>
    </ClCompile>
    <ClCompile Include="..\..\source\ArrayControler.c">
      <Filter>source</Filter>
    </ClCompile>
    <ClCompile Include="..\..\source\main.c">
      <Filter>source</Filter>
    </ClCompile>
    <ClCompile Include="..\..\source\show.c">
      <Filter>source</Filter>
    </ClCompile>
  </ItemGroup>
  <ItemGroup>
    <ClInclude Include="..\..\include\annex.h">
      <Filter>include</Filter>
    </ClInclude>
    <ClInclude Include="..\..\include\ArrayControler.h">
      <Filter>include</Filter>
    </ClInclude>
    <ClInclude Include="..\..\include\show.h">
      <Filter>include</Filter>
    </ClInclude>
  </ItemGroup>
  <ItemGroup>
    <Filter Include="include">
      <UniqueIdentifier>{2f5b47ef-1fd5-454c-ba0c-647545ebaa45}</UniqueIdentifier>
    </Filter>
    <Filter Include="source">
      <UniqueIdentifier>{a87c0ae6-e934-4b4b-ac5c-11803a4d4d45}</UniqueIdentifier>
    </Filter>
  </ItemGroup>
</Project>